
Microsoft Visual Studio Solution File, Format Version 12.00
# Visual Studio Version 17
VisualStudioVersion = 17.10.35027.167
MinimumVisualStudioVersion = 10.0.40219.1
Project("{FAE04EC0-301F-11D3-BF4B-00C04F79EFBC}") = "Practice-Survivor", "Practice-Survivor\Practice-Survivor.csproj", "{744B30D0-98B4-433F-85F8-1DD326EE6567}"
EndProject
Global
	GlobalSection(SolutionConfigurationPlatforms) = preSolution
		Debug|Any CPU = Debug|Any CPU
		Release|Any CPU = Release|Any CPU
	EndGlobalSection
	GlobalSection(ProjectConfigurationPlatforms) = postSolution
		{744B30D0-98B4-433F-85F8-1DD326EE6567}.Debug|Any CPU.ActiveCfg = Debug|Any CPU
		{744B30D0-98B4-433F-85F8-1DD326EE6567}.Debug|Any CPU.Build.0 = Debug|Any CPU
		{744B30D0-98B4-433F-85F8-1DD326EE6567}.Release|Any CPU.ActiveCfg = Release|Any CPU
		{744B30D0-98B4-433F-85F8-1DD326EE6567}.Release|Any CPU.Build.0 = Release|Any CPU
	EndGlobalSection
	GlobalSection(SolutionProperties) = preSolution
		HideSolutionNode = FALSE
	EndGlobalSection
	GlobalSection(ExtensibilityGlobals) = postSolution
		SolutionGuid = {17D34B78-61DC-4E61-BB52-D2509EC32900}
	EndGlobalSection
EndGlobal
